
Microsoft Visual Studio Solution File, Format Version 12.00
# Visual Studio Version 16
VisualStudioVersion = 16.0.32106.194
MinimumVisualStudioVersion = 10.0.40219.1
Project("{FAE04EC0-301F-11D3-BF4B-00C04F79EFBC}") = "Daily_MTM_Report_Task_1", "Daily_MTM_Report_Task_1.csproj", "{D80AC9E3-DDA6-4701-A654-8B1DF19BA801}"
EndProject
Global
	GlobalSection(SolutionConfigurationPlatforms) = preSolution
		Debug|Any CPU = Debug|Any CPU
		Release|Any CPU = Release|Any CPU
	EndGlobalSection
	GlobalSection(ProjectConfigurationPlatforms) = postSolution
		{D80AC9E3-DDA6-4701-A654-8B1DF19BA801}.Debug|Any CPU.ActiveCfg = Debug|Any CPU
		{D80AC9E3-DDA6-4701-A654-8B1DF19BA801}.Debug|Any CPU.Build.0 = Debug|Any CPU
		{D80AC9E3-DDA6-4701-A654-8B1DF19BA801}.Release|Any CPU.ActiveCfg = Release|Any CPU
		{D80AC9E3-DDA6-4701-A654-8B1DF19BA801}.Release|Any CPU.Build.0 = Release|Any CPU
	EndGlobalSection
	GlobalSection(SolutionProperties) = preSolution
		HideSolutionNode = FALSE
	EndGlobalSection
	GlobalSection(ExtensibilityGlobals) = postSolution
		SolutionGuid = {2272F161-F94D-4990-A14C-500931566BBF}
	EndGlobalSection
EndGlobal
